
Microsoft Visual Studio Solution File, Format Version 12.00
# Visual Studio Version 17
VisualStudioVersion = 17.12.35527.113 d17.12
MinimumVisualStudioVersion = 10.0.40219.1
Project("{FAE04EC0-301F-11D3-BF4B-00C04F79EFBC}") = "HotellApp", "HotellApp\HotellApp.csproj", "{598A7B2A-CFF6-48DF-AD70-2FE3101EA5B7}"
EndProject
Global
	GlobalSection(SolutionConfigurationPlatforms) = preSolution
		Debug|Any CPU = Debug|Any CPU
		Release|Any CPU = Release|Any CPU
	EndGlobalSection
	GlobalSection(ProjectConfigurationPlatforms) = postSolution
		{598A7B2A-CFF6-48DF-AD70-2FE3101EA5B7}.Debug|Any CPU.ActiveCfg = Debug|Any CPU
		{598A7B2A-CFF6-48DF-AD70-2FE3101EA5B7}.Debug|Any CPU.Build.0 = Debug|Any CPU
		{598A7B2A-CFF6-48DF-AD70-2FE3101EA5B7}.Release|Any CPU.ActiveCfg = Release|Any CPU
		{598A7B2A-CFF6-48DF-AD70-2FE3101EA5B7}.Release|Any CPU.Build.0 = Release|Any CPU
	EndGlobalSection
	GlobalSection(SolutionProperties) = preSolution
		HideSolutionNode = FALSE
	EndGlobalSection
EndGlobal
